# @generated - this file is auto-generated by `mise lock` https://mise.en.dev/dev-tools/mise-lock.html

[[tools.actionlint]]
version = "1.7.12"
backend = "aqua:rhysd/actionlint"

[tools.actionlint."platforms.linux-arm64"]
checksum = "sha256:325e971b6ba9bfa504672e29be93c24981eeb1c07576d730e9f7c8805afff0c6"
url = "https://github.com/rhysd/actionlint/releases/download/v1.7.12/actionlint_1.7.12_linux_arm64.tar.gz"
url_api = "https://api.github.com/repos/rhysd/actionlint/releases/assets/384924897"
provenance = "github-attestations"

[tools.actionlint."platforms.linux-arm64-musl"]
checksum = "sha256:325e971b6ba9bfa504672e29be93c24981eeb1c07576d730e9f7c8805afff0c6"
url = "https://github.com/rhysd/actionlint/releases/download/v1.7.12/actionlint_1.7.12_linux_arm64.tar.gz"
url_api = "https://api.github.com/repos/rhysd/actionlint/releases/assets/384924897"
provenance = "github-attestations"

[tools.actionlint."platforms.linux-x64"]
checksum = "sha256:8aca8db96f1b94770f1b0d72b6dddcb1ebb8123cb3712530b08cc387b349a3d8"
url = "https://github.com/rhysd/actionlint/releases/download/v1.7.12/actionlint_1.7.12_linux_amd64.tar.gz"
url_api = "https://api.github.com/repos/rhysd/actionlint/releases/assets/384924896"
provenance = "github-attestations"

[tools.actionlint."platforms.linux-x64-musl"]
checksum = "sha256:8aca8db96f1b94770f1b0d72b6dddcb1ebb8123cb3712530b08cc387b349a3d8"
url = "https://github.com/rhysd/actionlint/releases/download/v1.7.12/actionlint_1.7.12_linux_amd64.tar.gz"
url_api = "https://api.github.com/repos/rhysd/actionlint/releases/assets/384924896"
provenance = "github-attestations"

[tools.actionlint."platforms.macos-arm64"]
checksum = "sha256:aba9ced2dee8d27fecca3dc7feb1a7f9a52caefa1eb46f3271ea66b6e0e6953f"
url = "https://github.com/rhysd/actionlint/releases/download/v1.7.12/actionlint_1.7.12_darwin_arm64.tar.gz"
url_api = "https://api.github.com/repos/rhysd/actionlint/releases/assets/384924893"
provenance = "github-attestations"

[tools.actionlint."platforms.macos-x64"]
checksum = "sha256:5b44c3bc2255115c9b69e30efc0fecdf498fdb63c5d58e17084fd5f16324c644"
url = "https://github.com/rhysd/actionlint/releases/download/v1.7.12/actionlint_1.7.12_darwin_amd64.tar.gz"
url_api = "https://api.github.com/repos/rhysd/actionlint/releases/assets/384924880"
provenance = "github-attestations"

[tools.actionlint."platforms.windows-x64"]
checksum = "sha256:6e7241b51e6817ea6a047693d8e6fed13b31819c9a0dd6c5a726e1592d22f6e9"
url = "https://github.com/rhysd/actionlint/releases/download/v1.7.12/actionlint_1.7.12_windows_amd64.zip"
url_api = "https://api.github.com/repos/rhysd/actionlint/releases/assets/384924919"
provenance = "github-attestations"

[[tools."aqua:grafana/flint"]]
version = "0.22.11"
backend = "aqua:grafana/flint"

[tools."aqua:grafana/flint"."platforms.linux-arm64"]
checksum = "sha256:a197969873591f857833f7c71ab66506a4050e0a12cf1872b09741652d20e99c"
url = "https://github.com/grafana/flint/releases/download/v0.22.11/flint-aarch64-unknown-linux-gnu.tar.gz"
url_api = "https://api.github.com/repos/grafana/flint/releases/assets/522530497"
provenance = "github-attestations"

[tools."aqua:grafana/flint"."platforms.linux-arm64-musl"]
checksum = "sha256:1797194efc0843a0a2c001a235ca91cc09aee9a5a7dc74d25c190ae42445099b"
url = "https://github.com/grafana/flint/releases/download/v0.22.11/flint-aarch64-unknown-linux-musl.tar.gz"
url_api = "https://api.github.com/repos/grafana/flint/releases/assets/522530700"
provenance = "github-attestations"

[tools."aqua:grafana/flint"."platforms.linux-x64"]
checksum = "sha256:8c2400345fee126864183b96f8ec8a0f646b2c09abcd9ff25c7a0e56caa6f822"
url = "https://github.com/grafana/flint/releases/download/v0.22.11/flint-x86_64-unknown-linux-gnu.tar.gz"
url_api = "https://api.github.com/repos/grafana/flint/releases/assets/522529698"
provenance = "github-attestations"

[tools."aqua:grafana/flint"."platforms.linux-x64-musl"]
checksum = "sha256:bde67006096e2c38d4140d6362a6a83a9047cbe8bd1e4fcdeb7e7c0166b0f02c"
url = "https://github.com/grafana/flint/releases/download/v0.22.11/flint-x86_64-unknown-linux-musl.tar.gz"
url_api = "https://api.github.com/repos/grafana/flint/releases/assets/522530534"
provenance = "github-attestations"

[tools."aqua:grafana/flint"."platforms.macos-arm64"]
checksum = "sha256:a93e428a2561af80bad79810ce23dbab13e9d39519bfdbb6625e902d2b06f8fa"
url = "https://github.com/grafana/flint/releases/download/v0.22.11/flint-aarch64-apple-darwin.tar.gz"
url_api = "https://api.github.com/repos/grafana/flint/releases/assets/522531026"
provenance = "github-attestations"

[tools."aqua:grafana/flint"."platforms.macos-x64"]
checksum = "sha256:c42ceb2cc835ec37b04f78215c243ebd24109f713757fbfffe7e4bc0c537a2ac"
url = "https://github.com/grafana/flint/releases/download/v0.22.11/flint-x86_64-apple-darwin.tar.gz"
url_api = "https://api.github.com/repos/grafana/flint/releases/assets/522533290"
provenance = "github-attestations"

[tools."aqua:grafana/flint"."platforms.windows-x64"]
checksum = "sha256:7474be1f55fc003dedf5e49da55f65b490f7783b49e6322cfabfb95930baba1a"
url = "https://github.com/grafana/flint/releases/download/v0.22.11/flint-x86_64-pc-windows-msvc.zip"
url_api = "https://api.github.com/repos/grafana/flint/releases/assets/522531464"
provenance = "github-attestations"

[[tools."aqua:jonwiggins/xmloxide"]]
version = "0.5.0"
backend = "aqua:jonwiggins/xmloxide"

[tools."aqua:jonwiggins/xmloxide"."platforms.linux-arm64"]
checksum = "sha256:554d4ae976782bed0d9fa44b9ee7106a756f6a599ef9867b412db47a2a664399"
url = "https://github.com/jonwiggins/xmloxide/releases/download/v0.5.0/xmllint_linux-aarch64"
url_api = "https://api.github.com/repos/jonwiggins/xmloxide/releases/assets/506799877"

[tools."aqua:jonwiggins/xmloxide"."platforms.linux-arm64-musl"]
checksum = "sha256:554d4ae976782bed0d9fa44b9ee7106a756f6a599ef9867b412db47a2a664399"
url = "https://github.com/jonwiggins/xmloxide/releases/download/v0.5.0/xmllint_linux-aarch64"
url_api = "https://api.github.com/repos/jonwiggins/xmloxide/releases/assets/506799877"

[tools."aqua:jonwiggins/xmloxide"."platforms.linux-x64"]
checksum = "sha256:4dd8c45676bb34bd397db97179231f4e6f77caff35059f18de9d1d4b68773d55"
url = "https://github.com/jonwiggins/xmloxide/releases/download/v0.5.0/xmllint_linux-x86-64"
url_api = "https://api.github.com/repos/jonwiggins/xmloxide/releases/assets/506799872"

[tools."aqua:jonwiggins/xmloxide"."platforms.linux-x64-musl"]
checksum = "sha256:4dd8c45676bb34bd397db97179231f4e6f77caff35059f18de9d1d4b68773d55"
url = "https://github.com/jonwiggins/xmloxide/releases/download/v0.5.0/xmllint_linux-x86-64"
url_api = "https://api.github.com/repos/jonwiggins/xmloxide/releases/assets/506799872"

[tools."aqua:jonwiggins/xmloxide"."platforms.macos-arm64"]
checksum = "sha256:02a44c8cab86cd2d8765fcf0dc7e7610768571a0cf0af3785fb691196d1eebe5"
url = "https://github.com/jonwiggins/xmloxide/releases/download/v0.5.0/xmllint_darwin-aarch64"
url_api = "https://api.github.com/repos/jonwiggins/xmloxide/releases/assets/506799873"

[tools."aqua:jonwiggins/xmloxide"."platforms.macos-x64"]
checksum = "sha256:6876c1f1ec9dd31bc80a6417548fa337898e78e50ac0479ed391f3bd26e0b4f3"
url = "https://github.com/jonwiggins/xmloxide/releases/download/v0.5.0/xmllint_darwin-x86-64"
url_api = "https://api.github.com/repos/jonwiggins/xmloxide/releases/assets/506799874"

[tools."aqua:jonwiggins/xmloxide"."platforms.windows-x64"]
checksum = "sha256:ecf509be8f9de6cb86921c88a516a9fac4a920f0905c18f62d91a4ed41af920f"
url = "https://github.com/jonwiggins/xmloxide/releases/download/v0.5.0/xmllint_windows-x86-64.exe"
url_api = "https://api.github.com/repos/jonwiggins/xmloxide/releases/assets/506799871"

[[tools."aqua:owenlamont/ryl"]]
version = "0.21.0"
backend = "aqua:owenlamont/ryl"

[tools."aqua:owenlamont/ryl"."platforms.linux-arm64"]
checksum = "sha256:f51e12de3c22c918070171524019a396b0c2b0eb7ff01c9b5849d8bb3cd7ab19"
url = "https://github.com/owenlamont/ryl/releases/download/v0.21.0/ryl-aarch64-unknown-linux-gnu.tar.gz"
url_api = "https://api.github.com/repos/owenlamont/ryl/releases/assets/454375978"
provenance = "github-attestations"

[tools."aqua:owenlamont/ryl"."platforms.linux-arm64-musl"]
checksum = "sha256:134dfccd5dd7fd13092dbaf482e14e1e9c2b238ecf4306ac020b036212f85abc"
url = "https://github.com/owenlamont/ryl/releases/download/v0.21.0/ryl-aarch64-unknown-linux-musl.tar.gz"
url_api = "https://api.github.com/repos/owenlamont/ryl/releases/assets/454375977"
provenance = "github-attestations"

[tools."aqua:owenlamont/ryl"."platforms.linux-x64"]
checksum = "sha256:c69cb15714591355f549bdde2121af028f12f5e37fbb12d0a4e8ee15da85aa1b"
url = "https://github.com/owenlamont/ryl/releases/download/v0.21.0/ryl-x86_64-unknown-linux-gnu.tar.gz"
url_api = "https://api.github.com/repos/owenlamont/ryl/releases/assets/454375992"
provenance = "github-attestations"

[tools."aqua:owenlamont/ryl"."platforms.linux-x64-musl"]
checksum = "sha256:36867148c4e7415b5f8dd24a1c4e3212e8ec016a6a16d1d1e0d16d7c2f641214"
url = "https://github.com/owenlamont/ryl/releases/download/v0.21.0/ryl-x86_64-unknown-linux-musl.tar.gz"
url_api = "https://api.github.com/repos/owenlamont/ryl/releases/assets/454375995"
provenance = "github-attestations"

[tools."aqua:owenlamont/ryl"."platforms.macos-arm64"]
checksum = "sha256:ed5e23a5634f138aac5c2c15e72975f0f485f694582ef6874625e38460b0c3b4"
url = "https://github.com/owenlamont/ryl/releases/download/v0.21.0/ryl-aarch64-apple-darwin.tar.gz"
url_api = "https://api.github.com/repos/owenlamont/ryl/releases/assets/454375976"
provenance = "github-attestations"

[tools."aqua:owenlamont/ryl"."platforms.windows-x64"]
checksum = "sha256:7522a1fde12775ad43b74e154a6abe3affb676bb52d719ac9e7eb6980bda856d"
url = "https://github.com/owenlamont/ryl/releases/download/v0.21.0/ryl-x86_64-pc-windows-msvc.zip"
url_api = "https://api.github.com/repos/owenlamont/ryl/releases/assets/454375990"
provenance = "github-attestations"

[[tools.biome]]
version = "2.5.11"
backend = "aqua:biomejs/biome"

[tools.biome."platforms.linux-arm64"]
checksum = "sha256:b1e422c4cf5de788553f612b3952deadd6cb7669b35659197af14c4b1f763fab"
url = "https://github.com/biomejs/biome/releases/download/%40biomejs/biome%402.5.11/biome-linux-arm64"
url_api = "https://api.github.com/repos/biomejs/biome/releases/assets/532854961"
provenance = "github-attestations"

[tools.biome."platforms.linux-arm64-musl"]
checksum = "sha256:d279c5e36af85d712a906284af0d2dd43d4baee8a36e2139f072c891fbeacfd9"
url = "https://github.com/biomejs/biome/releases/download/%40biomejs/biome%402.5.11/biome-linux-arm64-musl"
url_api = "https://api.github.com/repos/biomejs/biome/releases/assets/532854959"
provenance = "github-attestations"

[tools.biome."platforms.linux-x64"]
checksum = "sha256:629a72d30e5b625b70723a651c510c0c2d4adc7c9b7334a690afe848ba4426ce"
url = "https://github.com/biomejs/biome/releases/download/%40biomejs/biome%402.5.11/biome-linux-x64"
url_api = "https://api.github.com/repos/biomejs/biome/releases/assets/532854966"
provenance = "github-attestations"

[tools.biome."platforms.linux-x64-musl"]
checksum = "sha256:6ae4389db2e140734af826963e677a6a78dca9690bb089127aef50d8f9edbadb"
url = "https://github.com/biomejs/biome/releases/download/%40biomejs/biome%402.5.11/biome-linux-x64-musl"
url_api = "https://api.github.com/repos/biomejs/biome/releases/assets/532854967"
provenance = "github-attestations"

[tools.biome."platforms.macos-arm64"]
checksum = "sha256:7a067b00fdf8eeefb7f5f5f247b7dac1bb23adfeaea380a91293353b8e2eba2b"
url = "https://github.com/biomejs/biome/releases/download/%40biomejs/biome%402.5.11/biome-darwin-arm64"
url_api = "https://api.github.com/repos/biomejs/biome/releases/assets/532854963"
provenance = "github-attestations"

[tools.biome."platforms.macos-x64"]
checksum = "sha256:74f6d1845e5c1a47ebafd42ba4a90ed174b4bb7a669d70acc1fd925894dbb168"
url = "https://github.com/biomejs/biome/releases/download/%40biomejs/biome%402.5.11/biome-darwin-x64"
url_api = "https://api.github.com/repos/biomejs/biome/releases/assets/532854965"
provenance = "github-attestations"

[tools.biome."platforms.windows-x64"]
checksum = "sha256:8bdf679275458a444f7befb8dacc38001625645cc498facf3cc114d77239f1cd"
url = "https://github.com/biomejs/biome/releases/download/%40biomejs/biome%402.5.11/biome-win32-x64.exe"
url_api = "https://api.github.com/repos/biomejs/biome/releases/assets/532854960"
provenance = "github-attestations"

[[tools.checkstyle]]
version = "14.0.0"
backend = "aqua:checkstyle/checkstyle"

[tools.checkstyle."platforms.linux-arm64"]
checksum = "sha256:f3845df27df6a03e0b533fcc10bd5e4beab495b7a0d21c36b43ef243f6bf678f"
url = "https://github.com/checkstyle/checkstyle/releases/download/checkstyle-14.0.0/checkstyle-14.0.0-all.jar"
url_api = "https://api.github.com/repos/checkstyle/checkstyle/releases/assets/519470674"

[tools.checkstyle."platforms.linux-arm64-musl"]
checksum = "sha256:f3845df27df6a03e0b533fcc10bd5e4beab495b7a0d21c36b43ef243f6bf678f"
url = "https://github.com/checkstyle/checkstyle/releases/download/checkstyle-14.0.0/checkstyle-14.0.0-all.jar"
url_api = "https://api.github.com/repos/checkstyle/checkstyle/releases/assets/519470674"

[tools.checkstyle."platforms.linux-x64"]
checksum = "sha256:f3845df27df6a03e0b533fcc10bd5e4beab495b7a0d21c36b43ef243f6bf678f"
url = "https://github.com/checkstyle/checkstyle/releases/download/checkstyle-14.0.0/checkstyle-14.0.0-all.jar"
url_api = "https://api.github.com/repos/checkstyle/checkstyle/releases/assets/519470674"

[tools.checkstyle."platforms.linux-x64-musl"]
checksum = "sha256:f3845df27df6a03e0b533fcc10bd5e4beab495b7a0d21c36b43ef243f6bf678f"
url = "https://github.com/checkstyle/checkstyle/releases/download/checkstyle-14.0.0/checkstyle-14.0.0-all.jar"
url_api = "https://api.github.com/repos/checkstyle/checkstyle/releases/assets/519470674"

[tools.checkstyle."platforms.macos-arm64"]
checksum = "sha256:f3845df27df6a03e0b533fcc10bd5e4beab495b7a0d21c36b43ef243f6bf678f"
url = "https://github.com/checkstyle/checkstyle/releases/download/checkstyle-14.0.0/checkstyle-14.0.0-all.jar"
url_api = "https://api.github.com/repos/checkstyle/checkstyle/releases/assets/519470674"

[tools.checkstyle."platforms.macos-x64"]
checksum = "sha256:f3845df27df6a03e0b533fcc10bd5e4beab495b7a0d21c36b43ef243f6bf678f"
url = "https://github.com/checkstyle/checkstyle/releases/download/checkstyle-14.0.0/checkstyle-14.0.0-all.jar"
url_api = "https://api.github.com/repos/checkstyle/checkstyle/releases/assets/519470674"

[tools.checkstyle."platforms.windows-x64"]
checksum = "sha256:f3845df27df6a03e0b533fcc10bd5e4beab495b7a0d21c36b43ef243f6bf678f"
url = "https://github.com/checkstyle/checkstyle/releases/download/checkstyle-14.0.0/checkstyle-14.0.0-all.jar"
url_api = "https://api.github.com/repos/checkstyle/checkstyle/releases/assets/519470674"

[[tools.editorconfig-checker]]
version = "3.11.2"
backend = "aqua:editorconfig-checker/editorconfig-checker"

[tools.editorconfig-checker."platforms.linux-arm64"]
checksum = "sha256:7c61c94a67658bff62467453c3d7d9a98d57139728d27e545e9d3e3688fc9ca6"
url = "https://github.com/editorconfig-checker/editorconfig-checker/releases/download/v3.11.2/ec-linux-arm64.tar.gz"
url_api = "https://api.github.com/repos/editorconfig-checker/editorconfig-checker/releases/assets/529790774"

[tools.editorconfig-checker."platforms.linux-arm64-musl"]
checksum = "sha256:7c61c94a67658bff62467453c3d7d9a98d57139728d27e545e9d3e3688fc9ca6"
url = "https://github.com/editorconfig-checker/editorconfig-checker/releases/download/v3.11.2/ec-linux-arm64.tar.gz"
url_api = "https://api.github.com/repos/editorconfig-checker/editorconfig-checker/releases/assets/529790774"

[tools.editorconfig-checker."platforms.linux-x64"]
checksum = "sha256:bc815e5b3b1891a0ee9e1242fe3475312655f8b0f4c4a79510be0a009294571a"
url = "https://github.com/editorconfig-checker/editorconfig-checker/releases/download/v3.11.2/ec-linux-amd64.tar.gz"
url_api = "https://api.github.com/repos/editorconfig-checker/editorconfig-checker/releases/assets/529790765"

[tools.editorconfig-checker."platforms.linux-x64-musl"]
checksum = "sha256:bc815e5b3b1891a0ee9e1242fe3475312655f8b0f4c4a79510be0a009294571a"
url = "https://github.com/editorconfig-checker/editorconfig-checker/releases/download/v3.11.2/ec-linux-amd64.tar.gz"
url_api = "https://api.github.com/repos/editorconfig-checker/editorconfig-checker/releases/assets/529790765"

[tools.editorconfig-checker."platforms.macos-arm64"]
checksum = "sha256:9ed40abdc3051c1b76c9557cd58c66ab1784728242dbd9c40cfffe1528195ab2"
url = "https://github.com/editorconfig-checker/editorconfig-checker/releases/download/v3.11.2/ec-darwin-arm64.tar.gz"
url_api = "https://api.github.com/repos/editorconfig-checker/editorconfig-checker/releases/assets/529790802"

[tools.editorconfig-checker."platforms.macos-x64"]
checksum = "sha256:1a013573bbd394341168ea95174790ed44d6fc180f6d16e75c2ebc032f05bcc1"
url = "https://github.com/editorconfig-checker/editorconfig-checker/releases/download/v3.11.2/ec-darwin-amd64.tar.gz"
url_api = "https://api.github.com/repos/editorconfig-checker/editorconfig-checker/releases/assets/529790801"

[tools.editorconfig-checker."platforms.windows-x64"]
checksum = "sha256:ca6879da5ff16101c00432dc1f67f46fba6da229f7d24a715b2fd3be4249f7ab"
url = "https://github.com/editorconfig-checker/editorconfig-checker/releases/download/v3.11.2/ec-windows-amd64.zip"
url_api = "https://api.github.com/repos/editorconfig-checker/editorconfig-checker/releases/assets/529790777"

[[tools.google-java-format]]
version = "1.36.1"
backend = "aqua:google/google-java-format"

[tools.google-java-format."platforms.linux-arm64"]
checksum = "sha256:37d27263fce029fc59aa4e1b556ac6997d0eb2266a38ba2b8746b709f6c77b11"
url = "https://github.com/google/google-java-format/releases/download/v1.36.1/google-java-format_linux-arm64"
url_api = "https://api.github.com/repos/google/google-java-format/releases/assets/495658509"

[tools.google-java-format."platforms.linux-arm64-musl"]
checksum = "sha256:37d27263fce029fc59aa4e1b556ac6997d0eb2266a38ba2b8746b709f6c77b11"
url = "https://github.com/google/google-java-format/releases/download/v1.36.1/google-java-format_linux-arm64"
url_api = "https://api.github.com/repos/google/google-java-format/releases/assets/495658509"

[tools.google-java-format."platforms.linux-x64"]
checksum = "sha256:8dc71663a6c9cb17b02ba9709bfab5c4de59de6f4ac133fd7a1d5a4394b1193b"
url = "https://github.com/google/google-java-format/releases/download/v1.36.1/google-java-format_linux-x86-64"
url_api = "https://api.github.com/repos/google/google-java-format/releases/assets/495658560"

[tools.google-java-format."platforms.linux-x64-musl"]
checksum = "sha256:8dc71663a6c9cb17b02ba9709bfab5c4de59de6f4ac133fd7a1d5a4394b1193b"
url = "https://github.com/google/google-java-format/releases/download/v1.36.1/google-java-format_linux-x86-64"
url_api = "https://api.github.com/repos/google/google-java-format/releases/assets/495658560"

[tools.google-java-format."platforms.macos-arm64"]
checksum = "sha256:572c8be5ea4e15c674f7f9c89f9c0a4b9336950d9c42c07220557e97a4002bce"
url = "https://github.com/google/google-java-format/releases/download/v1.36.1/google-java-format_darwin-arm64"
url_api = "https://api.github.com/repos/google/google-java-format/releases/assets/495658217"

[tools.google-java-format."platforms.windows-x64"]
checksum = "sha256:23a6acedcfd9253da8413984dd1e3aecab32f00543477566d1abe5ae5aab1019"
url = "https://github.com/google/google-java-format/releases/download/v1.36.1/google-java-format_windows-x86-64.exe"
url_api = "https://api.github.com/repos/google/google-java-format/releases/assets/495658633"

[[tools.hivemind]]
version = "1.1.0"
backend = "github:DarthSim/hivemind"

[tools.hivemind."platforms.linux-arm64"]
url = "https://github.com/DarthSim/hivemind/releases/download/v1.1.0/hivemind-v1.1.0-linux-arm64.gz"
url_api = "https://api.github.com/repos/DarthSim/hivemind/releases/assets/50906822"

[tools.hivemind."platforms.linux-arm64-musl"]
url = "https://github.com/DarthSim/hivemind/releases/download/v1.1.0/hivemind-v1.1.0-linux-arm64.gz"
url_api = "https://api.github.com/repos/DarthSim/hivemind/releases/assets/50906822"

[tools.hivemind."platforms.linux-x64"]
url = "https://github.com/DarthSim/hivemind/releases/download/v1.1.0/hivemind-v1.1.0-linux-amd64.gz"
url_api = "https://api.github.com/repos/DarthSim/hivemind/releases/assets/50906818"

[tools.hivemind."platforms.linux-x64-musl"]
url = "https://github.com/DarthSim/hivemind/releases/download/v1.1.0/hivemind-v1.1.0-linux-amd64.gz"
url_api = "https://api.github.com/repos/DarthSim/hivemind/releases/assets/50906818"

[tools.hivemind."platforms.macos-arm64"]
checksum = "blake3:8898ebc521f9eb911592c17c11211ac45c4e898a1c19c4ef1a0daa875f392089"
url = "https://github.com/DarthSim/hivemind/releases/download/v1.1.0/hivemind-v1.1.0-macos-arm64.gz"
url_api = "https://api.github.com/repos/DarthSim/hivemind/releases/assets/50906825"

[tools.hivemind."platforms.macos-x64"]
url = "https://github.com/DarthSim/hivemind/releases/download/v1.1.0/hivemind-v1.1.0-macos-amd64.gz"
url_api = "https://api.github.com/repos/DarthSim/hivemind/releases/assets/50906823"

[tools.hivemind."platforms.windows-x64"]
url = "https://github.com/DarthSim/hivemind/releases/download/v1.1.0/hivemind-v1.1.0-freebsd-amd64.gz"
url_api = "https://api.github.com/repos/DarthSim/hivemind/releases/assets/50906806"

[[tools.hk]]
version = "1.56.0"
backend = "aqua:jdx/hk"

[tools.hk."platforms.linux-arm64"]
checksum = "sha256:6c5b84e2078b83194888d314e830c24398a856f1659f324c9a5c98fac5ec8db6"
url = "https://github.com/jdx/hk/releases/download/v1.56.0/hk-aarch64-unknown-linux-gnu.tar.gz"
url_api = "https://api.github.com/repos/jdx/hk/releases/assets/520698505"

[tools.hk."platforms.linux-arm64-musl"]
checksum = "sha256:e28eca21809220a7c0c8c894d901370e73b1ae9bf5bb1a898ff41744e0d937e6"
url = "https://github.com/jdx/hk/releases/download/v1.56.0/hk-aarch64-unknown-linux-musl.tar.gz"
url_api = "https://api.github.com/repos/jdx/hk/releases/assets/520698506"

[tools.hk."platforms.linux-x64"]
checksum = "sha256:eea0beedea7a49a74cd9190e4cc7c27ed209fb77b1b0eec711123cec02303a95"
url = "https://github.com/jdx/hk/releases/download/v1.56.0/hk-x86_64-unknown-linux-gnu.tar.gz"
url_api = "https://api.github.com/repos/jdx/hk/releases/assets/520698520"

[tools.hk."platforms.linux-x64-musl"]
checksum = "sha256:0efc6dbafd09a67a7e2de7c364101a51c4490f62fc76e84cd8bc8da0db78f9b6"
url = "https://github.com/jdx/hk/releases/download/v1.56.0/hk-x86_64-unknown-linux-musl.tar.gz"
url_api = "https://api.github.com/repos/jdx/hk/releases/assets/520698521"

[tools.hk."platforms.macos-arm64"]
checksum = "sha256:600207a25ac055ead8b20bd59ae779821e0dee9fc03c041ddb4432b60ad21b68"
url = "https://github.com/jdx/hk/releases/download/v1.56.0/hk-aarch64-apple-darwin.tar.gz"
url_api = "https://api.github.com/repos/jdx/hk/releases/assets/520698508"

[tools.hk."platforms.windows-x64"]
checksum = "sha256:1d0fa7242d5af85586527eab2a7fc5799c54388e1394e34ef5af26db9bc64ede"
url = "https://github.com/jdx/hk/releases/download/v1.56.0/hk-x86_64-pc-windows-msvc.zip"
url_api = "https://api.github.com/repos/jdx/hk/releases/assets/520698507"

[[tools."http:atlassian-plugin-sdk"]]
version = "9.11.2"
backend = "http:atlassian-plugin-sdk"

[tools."http:atlassian-plugin-sdk".options]
strip_components = "1"

[tools."http:atlassian-plugin-sdk"."platforms.linux-arm64"]
url = "https://packages.atlassian.com/mvn/maven-external/com/atlassian/amps/atlassian-plugin-sdk/9.11.2/atlassian-plugin-sdk-9.11.2.tar.gz"

[tools."http:atlassian-plugin-sdk"."platforms.linux-arm64-musl"]
url = "https://packages.atlassian.com/mvn/maven-external/com/atlassian/amps/atlassian-plugin-sdk/9.11.2/atlassian-plugin-sdk-9.11.2.tar.gz"

[tools."http:atlassian-plugin-sdk"."platforms.linux-x64"]
url = "https://packages.atlassian.com/mvn/maven-external/com/atlassian/amps/atlassian-plugin-sdk/9.11.2/atlassian-plugin-sdk-9.11.2.tar.gz"

[tools."http:atlassian-plugin-sdk"."platforms.linux-x64-musl"]
url = "https://packages.atlassian.com/mvn/maven-external/com/atlassian/amps/atlassian-plugin-sdk/9.11.2/atlassian-plugin-sdk-9.11.2.tar.gz"

[tools."http:atlassian-plugin-sdk"."platforms.macos-arm64"]
checksum = "blake3:23ea9b3d90cbccb5b9bca3dcd0cfd0b265b322e05f82b50022f74ac517aa6b51"
url = "https://packages.atlassian.com/mvn/maven-external/com/atlassian/amps/atlassian-plugin-sdk/9.11.2/atlassian-plugin-sdk-9.11.2.tar.gz"

[tools."http:atlassian-plugin-sdk"."platforms.macos-x64"]
url = "https://packages.atlassian.com/mvn/maven-external/com/atlassian/amps/atlassian-plugin-sdk/9.11.2/atlassian-plugin-sdk-9.11.2.tar.gz"

[tools."http:atlassian-plugin-sdk"."platforms.windows-x64"]
url = "https://packages.atlassian.com/mvn/maven-external/com/atlassian/amps/atlassian-plugin-sdk/9.11.2/atlassian-plugin-sdk-9.11.2.tar.gz"

[[tools.java]]
version = "temurin-21.0.11+10.0.LTS"
backend = "core:java"

[tools.java."platforms.linux-arm64"]
checksum = "sha256:8d498ec88e1c1989fab95c6784240ab92d011e29c54d20a3f9c324b13476f9ad"
url = "https://github.com/adoptium/temurin21-binaries/releases/download/jdk-21.0.11%2B10/OpenJDK21U-jdk_aarch64_linux_hotspot_21.0.11_10.tar.gz"

[tools.java."platforms.linux-arm64-musl"]
checksum = "sha256:c8d63598d1dc0a656033515ed258bd6db37506a05407d9f65cd23b95c21027b5"
url = "https://github.com/adoptium/temurin21-binaries/releases/download/jdk-21.0.11%2B10/OpenJDK21U-jdk_aarch64_alpine-linux_hotspot_21.0.11_10.tar.gz"

[tools.java."platforms.linux-x64"]
checksum = "sha256:4b2220e232a97997b436ca6ab15cbf70171ecff52958a46159dfa5a8c44ca4de"
url = "https://github.com/adoptium/temurin21-binaries/releases/download/jdk-21.0.11%2B10/OpenJDK21U-jdk_x64_linux_hotspot_21.0.11_10.tar.gz"

[tools.java."platforms.linux-x64-musl"]
checksum = "sha256:38bfdcef1e4b45de2ec222047ac79c76bea75d4d7406a310e26cfa236763f05f"
url = "https://github.com/adoptium/temurin21-binaries/releases/download/jdk-21.0.11%2B10/OpenJDK21U-jdk_x64_alpine-linux_hotspot_21.0.11_10.tar.gz"

[tools.java."platforms.macos-arm64"]
checksum = "sha256:6ebcf221c9b41507b14c098e93c6ead6440b8d9bd154f8ec666c4c73abbdb201"
url = "https://github.com/adoptium/temurin21-binaries/releases/download/jdk-21.0.11%2B10/OpenJDK21U-jdk_aarch64_mac_hotspot_21.0.11_10.tar.gz"

[tools.java."platforms.macos-x64"]
checksum = "sha256:34180eb03e6d207c388cce3da668f6cc7cd7508c185c24782fadac2c9c0e66f9"
url = "https://github.com/adoptium/temurin21-binaries/releases/download/jdk-21.0.11%2B10/OpenJDK21U-jdk_x64_mac_hotspot_21.0.11_10.tar.gz"

[tools.java."platforms.windows-x64"]
checksum = "sha256:d3625e7cadf23787ea540229544b6e2ab494b3b54da1801879e583e1dfee0a64"
url = "https://github.com/adoptium/temurin21-binaries/releases/download/jdk-21.0.11%2B10/OpenJDK21U-jdk_x64_windows_hotspot_21.0.11_10.zip"

[[tools.just]]
version = "1.51.0"
backend = "aqua:casey/just"

[tools.just."platforms.linux-arm64"]
checksum = "sha256:ed7ec466b77709198fd4afed253dba0270203ba5eb1c006bee2b0139090284f5"
url = "https://github.com/casey/just/releases/download/1.51.0/just-1.51.0-aarch64-unknown-linux-musl.tar.gz"

[tools.just."platforms.linux-arm64-musl"]
checksum = "sha256:ed7ec466b77709198fd4afed253dba0270203ba5eb1c006bee2b0139090284f5"
url = "https://github.com/casey/just/releases/download/1.51.0/just-1.51.0-aarch64-unknown-linux-musl.tar.gz"

[tools.just."platforms.linux-x64"]
checksum = "sha256:c8f085ca3e885723c341d06243fc291b5abfdc8bbe3b2c076b117de490387b59"
url = "https://github.com/casey/just/releases/download/1.51.0/just-1.51.0-x86_64-unknown-linux-musl.tar.gz"

[tools.just."platforms.linux-x64-musl"]
checksum = "sha256:c8f085ca3e885723c341d06243fc291b5abfdc8bbe3b2c076b117de490387b59"
url = "https://github.com/casey/just/releases/download/1.51.0/just-1.51.0-x86_64-unknown-linux-musl.tar.gz"

[tools.just."platforms.macos-arm64"]
checksum = "sha256:61e3f1b8a545ff064b091eab4b6e14f8cc743ff15549be293b1e92f5b1467002"
url = "https://github.com/casey/just/releases/download/1.51.0/just-1.51.0-aarch64-apple-darwin.tar.gz"

[tools.just."platforms.macos-x64"]
checksum = "sha256:d583e45f1f9fcdd26069ad2fe3bb9dea414756d8d0752eb9093974cb5c0246f0"
url = "https://github.com/casey/just/releases/download/1.51.0/just-1.51.0-x86_64-apple-darwin.tar.gz"

[tools.just."platforms.windows-x64"]
checksum = "sha256:09d1138b6845e73f04bff5e26be3f57663bddca25e36fe6241d28a5aa310b64e"
url = "https://github.com/casey/just/releases/download/1.51.0/just-1.51.0-x86_64-pc-windows-msvc.zip"

[[tools.lychee]]
version = "0.24.2"
backend = "aqua:lycheeverse/lychee"

[tools.lychee."platforms.linux-arm64"]
checksum = "sha256:91a7bd65685da41b90ccb9bc867a3d649a7818042dae04ff405e55a25bddee4c"
url = "https://github.com/lycheeverse/lychee/releases/download/lychee-v0.24.2/lychee-aarch64-unknown-linux-gnu.tar.gz"
url_api = "https://api.github.com/repos/lycheeverse/lychee/releases/assets/409959442"

[tools.lychee."platforms.linux-arm64-musl"]
checksum = "sha256:5d0b0e3aeab240f41920c633a6eaf97599be6eedda034b36e858ede7dba5e535"
url = "https://github.com/lycheeverse/lychee/releases/download/lychee-v0.24.2/lychee-aarch64-unknown-linux-musl.tar.gz"
url_api = "https://api.github.com/repos/lycheeverse/lychee/releases/assets/409958602"

[tools.lychee."platforms.linux-x64"]
checksum = "sha256:1f4e0ef7f6554a6ed33dd7ac144fb2e1bbed98598e7af973042fc5cd43951c9a"
url = "https://github.com/lycheeverse/lychee/releases/download/lychee-v0.24.2/lychee-x86_64-unknown-linux-gnu.tar.gz"
url_api = "https://api.github.com/repos/lycheeverse/lychee/releases/assets/409959156"

[tools.lychee."platforms.linux-x64-musl"]
checksum = "sha256:73657a111819a30c47c08352896796f23d64e4eb2b3ed39b6d32149241566fc5"
url = "https://github.com/lycheeverse/lychee/releases/download/lychee-v0.24.2/lychee-x86_64-unknown-linux-musl.tar.gz"
url_api = "https://api.github.com/repos/lycheeverse/lychee/releases/assets/409959271"

[tools.lychee."platforms.macos-arm64"]
checksum = "sha256:c9d3740ea2d891854d37116c9fba840f37b6e7c89d330e7db84ac333631c4977"
url = "https://github.com/lycheeverse/lychee/releases/download/lychee-v0.24.2/lychee-aarch64-apple-darwin.tar.gz"
url_api = "https://api.github.com/repos/lycheeverse/lychee/releases/assets/409957951"

[tools.lychee."platforms.macos-x64"]
checksum = "sha256:887503a9cff667d322b8d0892b40bf49976eb9507af8483220a3706cdad55978"
url = "https://github.com/lycheeverse/lychee/releases/download/lychee-v0.24.2/lychee-x86_64-apple-darwin.tar.gz"
url_api = "https://api.github.com/repos/lycheeverse/lychee/releases/assets/409957687"

[tools.lychee."platforms.windows-x64"]
checksum = "sha256:32975d1493ee1a975d6bb41e4fb56fe419cb442ded628bb772ba2e614acfacad"
url = "https://github.com/lycheeverse/lychee/releases/download/lychee-v0.24.2/lychee-x86_64-pc-windows-msvc.zip"
url_api = "https://api.github.com/repos/lycheeverse/lychee/releases/assets/409959491"

[[tools.maven]]
version = "3.9.16"
backend = "aqua:apache/maven"

[tools.maven."platforms.linux-arm64"]
checksum = "sha512:831a8591fe20c8243b1dbe7d71e3244f31d1665b0804b2e825e38cbbe5ce0cafb8338851f90780735568773e0a6cd07bbec107cda0b896b008b861075358b6f6"
url = "https://archive.apache.org/dist/maven/maven-3/3.9.16/binaries/apache-maven-3.9.16-bin.tar.gz"

[tools.maven."platforms.linux-arm64-musl"]
checksum = "sha512:831a8591fe20c8243b1dbe7d71e3244f31d1665b0804b2e825e38cbbe5ce0cafb8338851f90780735568773e0a6cd07bbec107cda0b896b008b861075358b6f6"
url = "https://archive.apache.org/dist/maven/maven-3/3.9.16/binaries/apache-maven-3.9.16-bin.tar.gz"

[tools.maven."platforms.linux-x64"]
checksum = "sha512:831a8591fe20c8243b1dbe7d71e3244f31d1665b0804b2e825e38cbbe5ce0cafb8338851f90780735568773e0a6cd07bbec107cda0b896b008b861075358b6f6"
url = "https://archive.apache.org/dist/maven/maven-3/3.9.16/binaries/apache-maven-3.9.16-bin.tar.gz"

[tools.maven."platforms.linux-x64-musl"]
checksum = "sha512:831a8591fe20c8243b1dbe7d71e3244f31d1665b0804b2e825e38cbbe5ce0cafb8338851f90780735568773e0a6cd07bbec107cda0b896b008b861075358b6f6"
url = "https://archive.apache.org/dist/maven/maven-3/3.9.16/binaries/apache-maven-3.9.16-bin.tar.gz"

[tools.maven."platforms.macos-arm64"]
checksum = "sha512:831a8591fe20c8243b1dbe7d71e3244f31d1665b0804b2e825e38cbbe5ce0cafb8338851f90780735568773e0a6cd07bbec107cda0b896b008b861075358b6f6"
url = "https://archive.apache.org/dist/maven/maven-3/3.9.16/binaries/apache-maven-3.9.16-bin.tar.gz"

[tools.maven."platforms.macos-x64"]
checksum = "sha512:831a8591fe20c8243b1dbe7d71e3244f31d1665b0804b2e825e38cbbe5ce0cafb8338851f90780735568773e0a6cd07bbec107cda0b896b008b861075358b6f6"
url = "https://archive.apache.org/dist/maven/maven-3/3.9.16/binaries/apache-maven-3.9.16-bin.tar.gz"

[tools.maven."platforms.windows-x64"]
checksum = "sha512:831a8591fe20c8243b1dbe7d71e3244f31d1665b0804b2e825e38cbbe5ce0cafb8338851f90780735568773e0a6cd07bbec107cda0b896b008b861075358b6f6"
url = "https://archive.apache.org/dist/maven/maven-3/3.9.16/binaries/apache-maven-3.9.16-bin.tar.gz"

[[tools.node]]
version = "22.22.3"
backend = "core:node"

[tools.node."platforms.linux-arm64"]
checksum = "sha256:cc8bc82b2dd0b595c3b95a4c3c9c8c350907cff011afbdee3d1379e812e1e3e3"
url = "https://nodejs.org/dist/v22.22.3/node-v22.22.3-linux-arm64.tar.gz"

[tools.node."platforms.linux-arm64-musl"]
checksum = "sha256:09c87acbafae65e18fcc0eb188376c1254cab74dc769118f4b60479c5fa326cf"
url = "https://unofficial-builds.nodejs.org/download/release/v22.22.3/node-v22.22.3-linux-arm64-musl.tar.gz"

[tools.node."platforms.linux-x64"]
checksum = "sha256:c7a10d6816da8eaaa7534dd73c71c6e2b2c391dbbf845e364902d156615dd1b8"
url = "https://nodejs.org/dist/v22.22.3/node-v22.22.3-linux-x64.tar.gz"

[tools.node."platforms.linux-x64-musl"]
checksum = "sha256:d227692583d6ae17c44028fd8f17cb1b3672167a6baa035818240cbb9db6ea4a"
url = "https://unofficial-builds.nodejs.org/download/release/v22.22.3/node-v22.22.3-linux-x64-musl.tar.gz"

[tools.node."platforms.macos-arm64"]
checksum = "sha256:0da7ff74ef8611328c8212f17943368713a2ad953fb7d89a8c8a0eae87c23207"
url = "https://nodejs.org/dist/v22.22.3/node-v22.22.3-darwin-arm64.tar.gz"

[tools.node."platforms.macos-x64"]
checksum = "sha256:45830ba752fa0d892c6dcd640946669801293cac820a33591ded40ac075198ec"
url = "https://nodejs.org/dist/v22.22.3/node-v22.22.3-darwin-x64.tar.gz"

[tools.node."platforms.windows-x64"]
checksum = "sha256:6c8d54f635feff4df76c2ca80f45332eb2ff57d25226edce36592e51a177ee33"
url = "https://nodejs.org/dist/v22.22.3/node-v22.22.3-win-x64.zip"

[[tools.rumdl]]
version = "0.2.62"
backend = "aqua:rvben/rumdl"

[tools.rumdl."platforms.linux-arm64"]
checksum = "sha256:e0ad6d61afb9f4f734b297674e562846ee29b33f21618ce0678c9ea151d5d73a"
url = "https://github.com/rvben/rumdl/releases/download/v0.2.62/rumdl-v0.2.62-aarch64-unknown-linux-gnu.tar.gz"
url_api = "https://api.github.com/repos/rvben/rumdl/releases/assets/532322363"
provenance = "github-attestations"

[tools.rumdl."platforms.linux-arm64-musl"]
checksum = "sha256:79ec0b4771b1026dd337b942fc6f05655dd30503434f0412adf7b2feed402c44"
url = "https://github.com/rvben/rumdl/releases/download/v0.2.62/rumdl-v0.2.62-aarch64-unknown-linux-musl.tar.gz"
url_api = "https://api.github.com/repos/rvben/rumdl/releases/assets/532322353"
provenance = "github-attestations"

[tools.rumdl."platforms.linux-x64"]
checksum = "sha256:12058de9ab5e0078a468d11bd1a8c5b79f69768a15c06832cebde715075ed893"
url = "https://github.com/rvben/rumdl/releases/download/v0.2.62/rumdl-v0.2.62-x86_64-unknown-linux-gnu.tar.gz"
url_api = "https://api.github.com/repos/rvben/rumdl/releases/assets/532322356"
provenance = "github-attestations"

[tools.rumdl."platforms.linux-x64-musl"]
checksum = "sha256:f2581ed4b9cccff9288ee395777911f194368b28e0e0258070e94b7859a30b7e"
url = "https://github.com/rvben/rumdl/releases/download/v0.2.62/rumdl-v0.2.62-x86_64-unknown-linux-musl.tar.gz"
url_api = "https://api.github.com/repos/rvben/rumdl/releases/assets/532322358"
provenance = "github-attestations"

[tools.rumdl."platforms.macos-arm64"]
checksum = "sha256:3fd051ccb75e790635a7eb19585b4060c4c78bd3e7362daa98fa55dc46626b41"
url = "https://github.com/rvben/rumdl/releases/download/v0.2.62/rumdl-v0.2.62-aarch64-apple-darwin.tar.gz"
url_api = "https://api.github.com/repos/rvben/rumdl/releases/assets/532322359"
provenance = "github-attestations"

[tools.rumdl."platforms.macos-x64"]
checksum = "sha256:3cb4e17fda2703860f75a5ee1d1c08ee0bab045713b3b30edb5e60c192a93e3c"
url = "https://github.com/rvben/rumdl/releases/download/v0.2.62/rumdl-v0.2.62-x86_64-apple-darwin.tar.gz"
url_api = "https://api.github.com/repos/rvben/rumdl/releases/assets/532322361"
provenance = "github-attestations"

[tools.rumdl."platforms.windows-x64"]
checksum = "sha256:0e5521e7f5427dcb023372fd938101626a3cbda85bd06efa322ac109b58ccb5b"
url = "https://github.com/rvben/rumdl/releases/download/v0.2.62/rumdl-v0.2.62-x86_64-pc-windows-msvc.zip"
url_api = "https://api.github.com/repos/rvben/rumdl/releases/assets/532322368"
provenance = "github-attestations"

[[tools.shellcheck]]
version = "0.11.0"
backend = "aqua:koalaman/shellcheck"

[tools.shellcheck."platforms.linux-arm64"]
checksum = "sha256:12b331c1d2db6b9eb13cfca64306b1b157a86eb69db83023e261eaa7e7c14588"
url = "https://github.com/koalaman/shellcheck/releases/download/v0.11.0/shellcheck-v0.11.0.linux.aarch64.tar.xz"
url_api = "https://api.github.com/repos/koalaman/shellcheck/releases/assets/279056934"

[tools.shellcheck."platforms.linux-arm64-musl"]
checksum = "sha256:12b331c1d2db6b9eb13cfca64306b1b157a86eb69db83023e261eaa7e7c14588"
url = "https://github.com/koalaman/shellcheck/releases/download/v0.11.0/shellcheck-v0.11.0.linux.aarch64.tar.xz"
url_api = "https://api.github.com/repos/koalaman/shellcheck/releases/assets/279056934"

[tools.shellcheck."platforms.linux-x64"]
checksum = "sha256:8c3be12b05d5c177a04c29e3c78ce89ac86f1595681cab149b65b97c4e227198"
url = "https://github.com/koalaman/shellcheck/releases/download/v0.11.0/shellcheck-v0.11.0.linux.x86_64.tar.xz"
url_api = "https://api.github.com/repos/koalaman/shellcheck/releases/assets/279056942"

[tools.shellcheck."platforms.linux-x64-musl"]
checksum = "sha256:8c3be12b05d5c177a04c29e3c78ce89ac86f1595681cab149b65b97c4e227198"
url = "https://github.com/koalaman/shellcheck/releases/download/v0.11.0/shellcheck-v0.11.0.linux.x86_64.tar.xz"
url_api = "https://api.github.com/repos/koalaman/shellcheck/releases/assets/279056942"

[tools.shellcheck."platforms.macos-arm64"]
checksum = "sha256:56affdd8de5527894dca6dc3d7e0a99a873b0f004d7aabc30ae407d3f48b0a79"
url = "https://github.com/koalaman/shellcheck/releases/download/v0.11.0/shellcheck-v0.11.0.darwin.aarch64.tar.xz"
url_api = "https://api.github.com/repos/koalaman/shellcheck/releases/assets/279056932"

[tools.shellcheck."platforms.macos-x64"]
checksum = "sha256:3c89db4edcab7cf1c27bff178882e0f6f27f7afdf54e859fa041fca10febe4c6"
url = "https://github.com/koalaman/shellcheck/releases/download/v0.11.0/shellcheck-v0.11.0.darwin.x86_64.tar.xz"
url_api = "https://api.github.com/repos/koalaman/shellcheck/releases/assets/279056930"

[tools.shellcheck."platforms.windows-x64"]
checksum = "sha256:8a4e35ab0b331c85d73567b12f2a444df187f483e5079ceffa6bda1faa2e740e"
url = "https://github.com/koalaman/shellcheck/releases/download/v0.11.0/shellcheck-v0.11.0.zip"
url_api = "https://api.github.com/repos/koalaman/shellcheck/releases/assets/279056944"

[[tools.shfmt]]
version = "3.14.0"
backend = "aqua:mvdan/sh"

[tools.shfmt."platforms.linux-arm64"]
checksum = "sha256:8029959a945b5c6f2bc92ce53fca5cf0384c811cc0884b25b196a093a005657a"
url = "https://github.com/mvdan/sh/releases/download/v3.14.0/shfmt_v3.14.0_linux_arm64"
url_api = "https://api.github.com/repos/mvdan/sh/releases/assets/534119958"

[tools.shfmt."platforms.linux-arm64-musl"]
checksum = "sha256:8029959a945b5c6f2bc92ce53fca5cf0384c811cc0884b25b196a093a005657a"
url = "https://github.com/mvdan/sh/releases/download/v3.14.0/shfmt_v3.14.0_linux_arm64"
url_api = "https://api.github.com/repos/mvdan/sh/releases/assets/534119958"

[tools.shfmt."platforms.linux-x64"]
checksum = "sha256:fe42021c7272ef2d67ea36cbc3031683c625d0badec733ef3a57b567246a0b66"
url = "https://github.com/mvdan/sh/releases/download/v3.14.0/shfmt_v3.14.0_linux_amd64"
url_api = "https://api.github.com/repos/mvdan/sh/releases/assets/534119985"

[tools.shfmt."platforms.linux-x64-musl"]
checksum = "sha256:fe42021c7272ef2d67ea36cbc3031683c625d0badec733ef3a57b567246a0b66"
url = "https://github.com/mvdan/sh/releases/download/v3.14.0/shfmt_v3.14.0_linux_amd64"
url_api = "https://api.github.com/repos/mvdan/sh/releases/assets/534119985"

[tools.shfmt."platforms.macos-arm64"]
checksum = "sha256:4710ba8074a74334069719d5b82f8cb97532e5623bfe43ef7cdb3442101b9cb2"
url = "https://github.com/mvdan/sh/releases/download/v3.14.0/shfmt_v3.14.0_darwin_arm64"
url_api = "https://api.github.com/repos/mvdan/sh/releases/assets/534120008"

[tools.shfmt."platforms.macos-x64"]
checksum = "sha256:74255a8087d74a79f5c1307db807e7efa8f062c429e3a05c075550392e0dcfa1"
url = "https://github.com/mvdan/sh/releases/download/v3.14.0/shfmt_v3.14.0_darwin_amd64"
url_api = "https://api.github.com/repos/mvdan/sh/releases/assets/534120026"

[tools.shfmt."platforms.windows-x64"]
checksum = "sha256:6738a3e155fbfec3bedc70962f9cd1610197587a43b5d7100f405239d8e11375"
url = "https://github.com/mvdan/sh/releases/download/v3.14.0/shfmt_v3.14.0_windows_amd64.exe"
url_api = "https://api.github.com/repos/mvdan/sh/releases/assets/534119909"

[[tools.taplo]]
version = "0.10.0"
backend = "aqua:tamasfe/taplo"

[tools.taplo."platforms.linux-arm64"]
url = "https://github.com/tamasfe/taplo/releases/download/0.10.0/taplo-linux-aarch64.gz"
url_api = "https://api.github.com/repos/tamasfe/taplo/releases/assets/257322597"

[tools.taplo."platforms.linux-arm64-musl"]
url = "https://github.com/tamasfe/taplo/releases/download/0.10.0/taplo-linux-aarch64.gz"
url_api = "https://api.github.com/repos/tamasfe/taplo/releases/assets/257322597"

[tools.taplo."platforms.linux-x64"]
url = "https://github.com/tamasfe/taplo/releases/download/0.10.0/taplo-linux-x86_64.gz"
url_api = "https://api.github.com/repos/tamasfe/taplo/releases/assets/257322600"

[tools.taplo."platforms.linux-x64-musl"]
url = "https://github.com/tamasfe/taplo/releases/download/0.10.0/taplo-linux-x86_64.gz"
url_api = "https://api.github.com/repos/tamasfe/taplo/releases/assets/257322600"

[tools.taplo."platforms.macos-arm64"]
url = "https://github.com/tamasfe/taplo/releases/download/0.10.0/taplo-darwin-aarch64.gz"
url_api = "https://api.github.com/repos/tamasfe/taplo/releases/assets/257323110"

[tools.taplo."platforms.macos-x64"]
url = "https://github.com/tamasfe/taplo/releases/download/0.10.0/taplo-darwin-x86_64.gz"
url_api = "https://api.github.com/repos/tamasfe/taplo/releases/assets/257323116"

[tools.taplo."platforms.windows-x64"]
url = "https://github.com/tamasfe/taplo/releases/download/0.10.0/taplo-windows-x86_64.zip"
url_api = "https://api.github.com/repos/tamasfe/taplo/releases/assets/257323062"

[[tools.typos]]
version = "1.50.0"
backend = "aqua:crate-ci/typos"

[tools.typos."platforms.linux-arm64"]
checksum = "sha256:a520651f52199efc91a27aa2b82362e93d50e7d96386d3d48b28c2ad06b9ae4e"
url = "https://github.com/crate-ci/typos/releases/download/v1.50.0/typos-v1.50.0-aarch64-unknown-linux-musl.tar.gz"
url_api = "https://api.github.com/repos/crate-ci/typos/releases/assets/534125470"

[tools.typos."platforms.linux-arm64-musl"]
checksum = "sha256:a520651f52199efc91a27aa2b82362e93d50e7d96386d3d48b28c2ad06b9ae4e"
url = "https://github.com/crate-ci/typos/releases/download/v1.50.0/typos-v1.50.0-aarch64-unknown-linux-musl.tar.gz"
url_api = "https://api.github.com/repos/crate-ci/typos/releases/assets/534125470"

[tools.typos."platforms.linux-x64"]
checksum = "sha256:a1497c9626ba0bab731b3e37c12ac9051bbfa2a253463d4d574c28f190b5497b"
url = "https://github.com/crate-ci/typos/releases/download/v1.50.0/typos-v1.50.0-x86_64-unknown-linux-musl.tar.gz"
url_api = "https://api.github.com/repos/crate-ci/typos/releases/assets/534125001"

[tools.typos."platforms.linux-x64-musl"]
checksum = "sha256:a1497c9626ba0bab731b3e37c12ac9051bbfa2a253463d4d574c28f190b5497b"
url = "https://github.com/crate-ci/typos/releases/download/v1.50.0/typos-v1.50.0-x86_64-unknown-linux-musl.tar.gz"
url_api = "https://api.github.com/repos/crate-ci/typos/releases/assets/534125001"

[tools.typos."platforms.macos-arm64"]
checksum = "sha256:3c9e3cdc20fbed3812c1f2060650398e88af0c0a251bbe069398752dd71513ed"
url = "https://github.com/crate-ci/typos/releases/download/v1.50.0/typos-v1.50.0-aarch64-apple-darwin.tar.gz"
url_api = "https://api.github.com/repos/crate-ci/typos/releases/assets/534128210"

[tools.typos."platforms.macos-x64"]
checksum = "sha256:ab88faa54ab9ceac55c6fc2a9841ceab8ef883ed46522dbcbde2ec7a110350b0"
url = "https://github.com/crate-ci/typos/releases/download/v1.50.0/typos-v1.50.0-x86_64-apple-darwin.tar.gz"
url_api = "https://api.github.com/repos/crate-ci/typos/releases/assets/534129540"

[tools.typos."platforms.windows-x64"]
checksum = "sha256:a48abe229e6fd48729ee891b2c410c41bfa9dc15ca77815e723c4b66c311c53c"
url = "https://github.com/crate-ci/typos/releases/download/v1.50.0/typos-v1.50.0-x86_64-pc-windows-msvc.zip"
url_api = "https://api.github.com/repos/crate-ci/typos/releases/assets/534129526"

[[tools.zizmor]]
version = "1.29.0"
backend = "aqua:zizmorcore/zizmor"

[tools.zizmor."platforms.linux-arm64"]
checksum = "sha256:415eaa7c0a06479a701b8e44a3e812c1047decc848ec4bede7bd6bbf49f22d20"
url = "https://github.com/zizmorcore/zizmor/releases/download/v1.29.0/zizmor-aarch64-unknown-linux-gnu.tar.gz"
url_api = "https://api.github.com/repos/zizmorcore/zizmor/releases/assets/498263143"
provenance = "github-attestations"

[tools.zizmor."platforms.linux-arm64-musl"]
provenance = "github-attestations"

[tools.zizmor."platforms.linux-x64"]
checksum = "sha256:dd96df044a6e8538d5f423790f453bdd03d49e5b2bcc38214acc41a2f1297839"
url = "https://github.com/zizmorcore/zizmor/releases/download/v1.29.0/zizmor-x86_64-unknown-linux-gnu.tar.gz"
url_api = "https://api.github.com/repos/zizmorcore/zizmor/releases/assets/498263145"
provenance = "github-attestations"

[tools.zizmor."platforms.linux-x64-musl"]
provenance = "github-attestations"

[tools.zizmor."platforms.macos-arm64"]
checksum = "sha256:720322fade9e83a9c7953944c438f2ba942636b86b96a8f0e6b15ce94c8a6b6f"
url = "https://github.com/zizmorcore/zizmor/releases/download/v1.29.0/zizmor-aarch64-apple-darwin.tar.gz"
url_api = "https://api.github.com/repos/zizmorcore/zizmor/releases/assets/498263141"
provenance = "github-attestations"

[tools.zizmor."platforms.macos-x64"]
checksum = "sha256:648b72ab9941a7f2a8d65d7b68a8e76cef789538c8df3a3950384d38423375b0"
url = "https://github.com/zizmorcore/zizmor/releases/download/v1.29.0/zizmor-x86_64-apple-darwin.tar.gz"
url_api = "https://api.github.com/repos/zizmorcore/zizmor/releases/assets/498263144"
provenance = "github-attestations"

[tools.zizmor."platforms.windows-x64"]
checksum = "sha256:68a6bc6888f10bf0d53658c75885e7c1b7a0588d4c1fbc3f0ca280ad7324bf06"
url = "https://github.com/zizmorcore/zizmor/releases/download/v1.29.0/zizmor-x86_64-pc-windows-msvc.zip"
url_api = "https://api.github.com/repos/zizmorcore/zizmor/releases/assets/498263142"
provenance = "github-attestations"
